{
    "_readme": [
        "This file locks the dependencies of your project to a known state",
        "Read more about it at http://getcomposer.org/doc/01-basic-usage.md#composer-lock-the-lock-file",
        "This file is @generated automatically"
    ],
    "hash": "91ef0d77ea5917598e082f5526a39974",
    "packages": [
        {
            "name": "aura/auth",
            "version": "dev-develop-2",
            "source": {
                "type": "git",
                "url": "https://github.com/auraphp/Aura.Auth.git",
                "reference": "238bcbcb0e502abef7fa87519fd8f34d2f1ac813"
            },
            "dist": {
                "type": "zip",
                "url": "https://api.github.com/repos/auraphp/Aura.Auth/zipball/238bcbcb0e502abef7fa87519fd8f34d2f1ac813",
                "reference": "238bcbcb0e502abef7fa87519fd8f34d2f1ac813",
                "shasum": ""
            },
            "require": {
                "php": ">=5.3.0"
            },
            "suggest": {
                "ext/imap": "For IMAP/POP/NNTP integration.",
                "ext/ldap": "For LDAP integration.",
                "ircmaxell/password-compat": "Provides password_verify() for PHP versions earlier than 5.5"
            },
            "type": "library",
            "extra": {
                "aura": {
                    "type": "library",
                    "config": {
                        "common": "Aura\\Auth\\_Config\\Common"
                    }
                },
                "branch-alias": {
                    "dev-develop-2": "2.0.x-dev"
                }
            },
            "autoload": {
                "psr-4": {
                    "Aura\\Auth\\": "src/",
                    "Aura\\Auth\\_Config\\": "config/"
                }
            },
            "notification-url": "https://packagist.org/downloads/",
            "license": [
                "BSD-2-Clause"
            ],
            "authors": [
                {
                    "name": "Aura.Auth Contributors",
                    "homepage": "https://github.com/auraphp/Aura.Auth/contributors"
                }
            ],
            "description": "Aura Auth provides a unified interface to authenticate a user with local or remote authentication systems.",
            "homepage": "https://github.com/auraphp/Aura.Auth",
            "keywords": [
                "Authentication",
                "auth",
                "authenticate"
            ],
            "time": "2015-01-02 14:29:47"
        },
        {
            "name": "aura/di",
            "version": "2.1.0",
            "source": {
                "type": "git",
                "url": "https://github.com/auraphp/Aura.Di.git",
                "reference": "68ffa4f76a2525ce3b7d211c09c71709a882556c"
            },
            "dist": {
                "type": "zip",
                "url": "https://api.github.com/repos/auraphp/Aura.Di/zipball/68ffa4f76a2525ce3b7d211c09c71709a882556c",
                "reference": "68ffa4f76a2525ce3b7d211c09c71709a882556c",
                "shasum": ""
            },
            "require": {
                "php": ">=5.3.0"
            },
            "type": "library",
            "extra": {
                "aura": {
                    "type": "library"
                },
                "branch-alias": {
                    "dev-develop-2": "2.0.x-dev"
                }
            },
            "autoload": {
                "psr-4": {
                    "Aura\\Di\\": "src/"
                }
            },
            "notification-url": "https://packagist.org/downloads/",
            "license": [
                "BSD-2-Clause"
            ],
            "authors": [
                {
                    "name": "Aura.Di Contributors",
                    "homepage": "https://github.com/auraphp/Aura.Di/contributors"
                }
            ],
            "description": "Provides a dependency injection container system with native support for constructor- and setter-based injection, lazy-loading of services, and inheritable configuration of setters and constructor params.",
            "homepage": "https://github.com/auraphp/Aura.Di",
            "keywords": [
                "container",
                "dependency injection",
                "dependency injection container",
                "di",
                "di container"
            ],
            "time": "2014-11-06 18:13:34"
        },
        {
            "name": "aura/dispatcher",
            "version": "2.0.0",
            "source": {
                "type": "git",
                "url": "https://github.com/auraphp/Aura.Dispatcher.git",
                "reference": "e4d02125a516feb65545dd1c7ff6417733cc9699"
            },
            "dist": {
                "type": "zip",
                "url": "https://api.github.com/repos/auraphp/Aura.Dispatcher/zipball/e4d02125a516feb65545dd1c7ff6417733cc9699",
                "reference": "e4d02125a516feb65545dd1c7ff6417733cc9699",
                "shasum": ""
            },
            "require": {
                "php": ">=5.4.0"
            },
            "type": "library",
            "extra": {
                "aura": {
                    "type": "library"
                },
                "branch-alias": {
                    "dev-develop-2": "2.0.x-dev"
                }
            },
            "autoload": {
                "psr-4": {
                    "Aura\\Dispatcher\\": "src/"
                }
            },
            "notification-url": "https://packagist.org/downloads/",
            "license": [
                "BSD-2-Clause"
            ],
            "authors": [
                {
                    "name": "Aura.Dispatcher Contributors",
                    "homepage": "https://github.com/auraphp/Aura.Dispatcher/contributors"
                }
            ],
            "description": "Creates objects from a factory and invokes methods using named parameters; also provides a trait for invoking closures and object methods with named parameters.",
            "homepage": "https://github.com/auraphp/Aura.Dispatcher",
            "keywords": [
                "controller",
                "dispatcher",
                "factory"
            ],
            "time": "2014-08-28 20:54:38"
        },
        {
            "name": "aura/filter",
            "version": "dev-develop-2",
            "source": {
                "type": "git",
                "url": "https://github.com/auraphp/Aura.Filter.git",
                "reference": "e02b8b54b3d2f2c185058b7b0414bf159ba6d229"
            },
            "dist": {
                "type": "zip",
                "url": "https://api.github.com/repos/auraphp/Aura.Filter/zipball/e02b8b54b3d2f2c185058b7b0414bf159ba6d229",
                "reference": "e02b8b54b3d2f2c185058b7b0414bf159ba6d229",
                "shasum": ""
            },
            "require": {
                "php": ">=5.3.0"
            },
            "type": "library",
            "extra": {
                "aura": {
                    "type": "library",
                    "config": {
                        "common": "Aura\\Filter\\_Config\\Common"
                    }
                },
                "branch-alias": {
                    "dev-develop-2": "2.0.x-dev"
                }
            },
            "autoload": {
                "psr-4": {
                    "Aura\\Filter\\_Config\\": "config/",
                    "Aura\\Filter\\": "src/"
                }
            },
            "notification-url": "https://packagist.org/downloads/",
            "license": [
                "BSD-2-Clause"
            ],
            "authors": [
                {
                    "name": "Aura Contributors",
                    "homepage": "https://github.com/auraphp/Aura.Filter/contributors"
                }
            ],
            "description": "Validate and sanitize objects and arrays.",
            "homepage": "http://auraphp.github.com/Aura.Filter",
            "keywords": [
                "filter",
                "sanitize",
                "validate",
                "validation",
                "validator"
            ],
            "time": "2015-01-14 23:14:33"
        },
        {
            "name": "aura/router",
            "version": "2.2.0",
            "source": {
                "type": "git",
                "url": "https://github.com/auraphp/Aura.Router.git",
                "reference": "2544c687a5074ca8ce0dbe6d27a04c006a118e2a"
            },
            "dist": {
                "type": "zip",
                "url": "https://api.github.com/repos/auraphp/Aura.Router/zipball/2544c687a5074ca8ce0dbe6d27a04c006a118e2a",
                "reference": "2544c687a5074ca8ce0dbe6d27a04c006a118e2a",
                "shasum": ""
            },
            "require": {
                "php": ">=5.3.0"
            },
            "type": "library",
            "extra": {
                "aura": {
                    "type": "library",
                    "config": {
                        "common": "Aura\\Router\\_Config\\Common"
                    }
                },
                "branch-alias": {
                    "dev-develop-2": "2.0.x-dev"
                }
            },
            "autoload": {
                "psr-4": {
                    "Aura\\Router\\": "src/",
                    "Aura\\Router\\_Config\\": "config/"
                }
            },
            "notification-url": "https://packagist.org/downloads/",
            "license": [
                "BSD-2-Clause"
            ],
            "authors": [
                {
                    "name": "Aura.Router Contributors",
                    "homepage": "https://github.com/auraphp/Aura.Router/contributors"
                }
            ],
            "description": "A web router implementation; given a URI path and a copy of $_SERVER, it will extract path-info parameter values for a specific route.",
            "homepage": "https://github.com/auraphp/Aura.Router",
            "keywords": [
                "route",
                "router",
                "routing"
            ],
            "time": "2014-11-10 15:51:58"
        },
        {
            "name": "aura/session",
            "version": "dev-develop-2",
            "source": {
                "type": "git",
                "url": "https://github.com/auraphp/Aura.Session.git",
                "reference": "75887cca5cc31f9ce5a91f11f6681209fe8adebb"
            },
            "dist": {
                "type": "zip",
                "url": "https://api.github.com/repos/auraphp/Aura.Session/zipball/75887cca5cc31f9ce5a91f11f6681209fe8adebb",
                "reference": "75887cca5cc31f9ce5a91f11f6681209fe8adebb",
                "shasum": ""
            },
            "require": {
                "php": ">=5.3.0"
            },
            "suggest": {
                "ext-mcrypt": "Mcrypt generates the next best secure CSRF tokens.",
                "ext-openssl": "OpenSSL generates the best secure CSRF tokens.",
                "ircmaxell/random-lib": "A Library For Generating Secure Random Numbers"
            },
            "type": "library",
            "extra": {
                "aura": {
                    "type": "library",
                    "config": {
                        "common": "Aura\\Session\\_Config\\Common"
                    }
                },
                "branch-alias": {
                    "dev-develop-2": "2.0.x-dev"
                }
            },
            "autoload": {
                "psr-4": {
                    "Aura\\Session\\": "src/",
                    "Aura\\Session\\_Config\\": "config/"
                }
            },
            "notification-url": "https://packagist.org/downloads/",
            "license": [
                "BSD-2-Clause"
            ],
            "authors": [
                {
                    "name": "Aura.Session Contributors",
                    "homepage": "https://github.com/auraphp/Aura.Session/contributors"
                }
            ],
            "description": "Provides session management functionality, including lazy session starting, session segments, next-request-only (\"flash\") values, and CSRF tools.",
            "homepage": "https://github.com/auraphp/Aura.Session",
            "keywords": [
                "csrf",
                "flash",
                "flash message",
                "session",
                "sessions"
            ],
            "time": "2015-01-05 21:30:11"
        },
        {
            "name": "foa/auth-session-bundle",
            "version": "dev-master",
            "source": {
                "type": "git",
                "url": "https://github.com/friendsofaura/FOA.Auth_Session_Bundle.git",
                "reference": "ff67cf70cb0994cfe6bbd31a62bd8bc4a77bc3f6"
            },
            "dist": {
                "type": "zip",
                "url": "https://api.github.com/repos/friendsofaura/FOA.Auth_Session_Bundle/zipball/ff67cf70cb0994cfe6bbd31a62bd8bc4a77bc3f6",
                "reference": "ff67cf70cb0994cfe6bbd31a62bd8bc4a77bc3f6",
                "shasum": ""
            },
            "require": {
                "aura/auth": "2.0.*@dev",
                "aura/session": "2.0.*@dev",
                "ircmaxell/random-lib": "~1.0"
            },
            "require-dev": {
                "aura/di": "~2.1"
            },
            "type": "library",
            "extra": {
                "aura": {
                    "type": "bundle",
                    "config": {
                        "common": "FOA\\Auth_Session_Bundle\\_Config\\Common"
                    }
                },
                "branch-alias": {
                    "dev-master": "0.1.x-dev"
                }
            },
            "autoload": {
                "psr-4": {
                    "FOA\\Auth_Session_Bundle\\": "src/",
                    "FOA\\Auth_Session_Bundle\\_Config\\": "config/"
                }
            },
            "notification-url": "https://packagist.org/downloads/",
            "license": [
                "BSD-2-Clause"
            ],
            "authors": [
                {
                    "name": "Hari KT",
                    "email": "kthari85@gmail.com"
                }
            ],
            "description": "Integration of Aura.Auth and Aura.Session",
            "keywords": [
                "Authentication",
                "auth",
                "session"
            ],
            "time": "2015-01-17 03:54:55"
        },
        {
            "name": "ircmaxell/random-lib",
            "version": "v1.1.0",
            "source": {
                "type": "git",
                "url": "https://github.com/ircmaxell/RandomLib.git",
                "reference": "13efa4368bb2ac88bb3b1459b487d907de4dbf7c"
            },
            "dist": {
                "type": "zip",
                "url": "https://api.github.com/repos/ircmaxell/RandomLib/zipball/13efa4368bb2ac88bb3b1459b487d907de4dbf7c",
                "reference": "13efa4368bb2ac88bb3b1459b487d907de4dbf7c",
                "shasum": ""
            },
            "require": {
                "ircmaxell/security-lib": "1.0.*@dev",
                "php": ">=5.3.2"
            },
            "require-dev": {
                "mikey179/vfsstream": "1.1.*",
                "phpunit/phpunit": "3.7.*"
            },
            "type": "library",
            "extra": {
                "branch-alias": {
                    "dev-master": "1.0.x-dev"
                }
            },
            "autoload": {
                "psr-0": {
                    "RandomLib": "lib"
                }
            },
            "notification-url": "https://packagist.org/downloads/",
            "license": [
                "MIT"
            ],
            "authors": [
                {
                    "name": "Anthony Ferrara",
                    "email": "ircmaxell@ircmaxell.com",
                    "homepage": "http://blog.ircmaxell.com"
                }
            ],
            "description": "A Library For Generating Secure Random Numbers",
            "homepage": "https://github.com/ircmaxell/RandomLib",
            "keywords": [
                "cryptography",
                "random",
                "random-numbers",
                "random-strings"
            ],
            "time": "2015-01-15 16:31:45"
        },
        {
            "name": "ircmaxell/security-lib",
            "version": "1.0.0",
            "source": {
                "type": "git",
                "url": "https://github.com/ircmaxell/SecurityLib.git",
                "reference": "80934de3c482dcafb46b5756e59ebece082b6dc7"
            },
            "dist": {
                "type": "zip",
                "url": "https://api.github.com/repos/ircmaxell/SecurityLib/zipball/80934de3c482dcafb46b5756e59ebece082b6dc7",
                "reference": "80934de3c482dcafb46b5756e59ebece082b6dc7",
                "shasum": ""
            },
            "require": {
                "php": ">=5.3.2"
            },
            "require-dev": {
                "mikey179/vfsstream": "1.1.*"
            },
            "type": "library",
            "autoload": {
                "psr-0": {
                    "SecurityLib": "lib"
                }
            },
            "notification-url": "https://packagist.org/downloads/",
            "license": [
                "MIT"
            ],
            "authors": [
                {
                    "name": "Anthony Ferrara",
                    "email": "ircmaxell@ircmaxell.com",
                    "homepage": "http://blog.ircmaxell.com"
                }
            ],
            "description": "A Base Security Library",
            "homepage": "https://github.com/ircmaxell/PHP-SecurityLib",
            "time": "2013-04-30 18:00:34"
        },
        {
            "name": "phly/conduit",
            "version": "0.10.0",
            "source": {
                "type": "git",
                "url": "https://github.com/phly/conduit.git",
                "reference": "d5c57cea8b543a407f401c15887ff9b883a22624"
            },
            "dist": {
                "type": "zip",
                "url": "https://api.github.com/repos/phly/conduit/zipball/d5c57cea8b543a407f401c15887ff9b883a22624",
                "reference": "d5c57cea8b543a407f401c15887ff9b883a22624",
                "shasum": ""
            },
            "require": {
                "phly/http": ">=0.8.2,<0.9.0",
                "php": ">=5.4.8",
                "psr/http-message": "~0.6.0",
                "zendframework/zend-escaper": "~2.3@stable"
            },
            "require-dev": {
                "phpunit/phpunit": "3.7.*",
                "squizlabs/php_codesniffer": "1.5.*"
            },
            "type": "library",
            "extra": {
                "branch-alias": {
                    "dev-master": "1.0-dev",
                    "dev-develop": "1.1-dev"
                }
            },
            "autoload": {
                "psr-4": {
                    "Phly\\Conduit\\": "src/"
                }
            },
            "notification-url": "https://packagist.org/downloads/",
            "license": [
                "MIT"
            ],
            "authors": [
                {
                    "name": "Matthew Weier O'Phinney",
                    "email": "matthew@weierophinney.net",
                    "homepage": "http://mwop.net"
                }
            ],
            "description": "Middleware for PHP",
            "homepage": "https://github.com/phly/conduit",
            "keywords": [
                "http",
                "middleware"
            ],
            "time": "2015-01-20 02:04:50"
        },
        {
            "name": "phly/http",
            "version": "0.8.2",
            "source": {
                "type": "git",
                "url": "https://github.com/phly/http.git",
                "reference": "1b62ff01a2a3b5a2826c60c870fffd62bb6babaf"
            },
            "dist": {
                "type": "zip",
                "url": "https://api.github.com/repos/phly/http/zipball/1b62ff01a2a3b5a2826c60c870fffd62bb6babaf",
                "reference": "1b62ff01a2a3b5a2826c60c870fffd62bb6babaf",
                "shasum": ""
            },
            "require": {
                "php": ">=5.4.8",
                "psr/http-message": "~0.6.0"
            },
            "require-dev": {
                "phpunit/phpunit": "3.7.*",
                "squizlabs/php_codesniffer": "1.5.*"
            },
            "type": "library",
            "extra": {
                "branch-alias": {
                    "dev-master": "1.0-dev",
                    "dev-develop": "1.1-dev"
                }
            },
            "autoload": {
                "psr-4": {
                    "Phly\\Http\\": "src/"
                }
            },
            "notification-url": "https://packagist.org/downloads/",
            "license": [
                "BSD-2-Clause"
            ],
            "authors": [
                {
                    "name": "Matthew Weier O'Phinney",
                    "email": "matthew@weierophinney.net",
                    "homepage": "http://mwop.net"
                }
            ],
            "description": "PSR HTTP Message implementations",
            "homepage": "https://github.com/phly/http",
            "keywords": [
                "http"
            ],
            "time": "2015-01-19 15:37:23"
        },
        {
            "name": "psr/http-message",
            "version": "0.6.0",
            "source": {
                "type": "git",
                "url": "https://github.com/php-fig/http-message.git",
                "reference": "70d7c442866f109cbda7f9dea8938e47fc3cc20c"
            },
            "dist": {
                "type": "zip",
                "url": "https://api.github.com/repos/php-fig/http-message/zipball/70d7c442866f109cbda7f9dea8938e47fc3cc20c",
                "reference": "70d7c442866f109cbda7f9dea8938e47fc3cc20c",
                "shasum": ""
            },
            "type": "library",
            "extra": {
                "branch-alias": {
                    "dev-master": "1.0.x-dev"
                }
            },
            "autoload": {
                "psr-4": {
                    "Psr\\Http\\Message\\": "src"
                }
            },
            "notification-url": "https://packagist.org/downloads/",
            "license": [
                "MIT"
            ],
            "authors": [
                {
                    "name": "PHP-FIG",
                    "homepage": "http://www.php-fig.org/"
                }
            ],
            "description": "Common interface for HTTP messages",
            "keywords": [
                "http",
                "http-message",
                "psr",
                "psr-7",
                "request",
                "response"
            ],
            "time": "2015-01-18 23:26:37"
        },
        {
            "name": "twig/twig",
            "version": "v1.17.0",
            "source": {
                "type": "git",
                "url": "https://github.com/twigphp/Twig.git",
                "reference": "2493970fa4d587eca73f77e6d8bd48a8bdd4c608"
            },
            "dist": {
                "type": "zip",
                "url": "https://api.github.com/repos/twigphp/Twig/zipball/2493970fa4d587eca73f77e6d8bd48a8bdd4c608",
                "reference": "2493970fa4d587eca73f77e6d8bd48a8bdd4c608",
                "shasum": ""
            },
            "require": {
                "php": ">=5.2.4"
            },
            "type": "library",
            "extra": {
                "branch-alias": {
                    "dev-master": "1.17-dev"
                }
            },
            "autoload": {
                "psr-0": {
                    "Twig_": "lib/"
                }
            },
            "notification-url": "https://packagist.org/downloads/",
            "license": [
                "BSD-3-Clause"
            ],
            "authors": [
                {
                    "name": "Fabien Potencier",
                    "email": "fabien@symfony.com",
                    "homepage": "http://fabien.potencier.org",
                    "role": "Lead Developer"
                },
                {
                    "name": "Armin Ronacher",
                    "email": "armin.ronacher@active-4.com",
                    "role": "Project Founder"
                },
                {
                    "name": "Twig Team",
                    "homepage": "http://twig.sensiolabs.org/contributors",
                    "role": "Contributors"
                }
            ],
            "description": "Twig, the flexible, fast, and secure template language for PHP",
            "homepage": "http://twig.sensiolabs.org",
            "keywords": [
                "templating"
            ],
            "time": "2015-01-14 10:15:49"
        },
        {
            "name": "vlucas/phpdotenv",
            "version": "v1.1.0",
            "source": {
                "type": "git",
                "url": "https://github.com/vlucas/phpdotenv.git",
                "reference": "732d2adb7d916c9593b9d58c3b0d9ebefead07aa"
            },
            "dist": {
                "type": "zip",
                "url": "https://api.github.com/repos/vlucas/phpdotenv/zipball/732d2adb7d916c9593b9d58c3b0d9ebefead07aa",
                "reference": "732d2adb7d916c9593b9d58c3b0d9ebefead07aa",
                "shasum": ""
            },
            "require": {
                "php": ">=5.3.2"
            },
            "require-dev": {
                "phpunit/phpunit": "~4.0"
            },
            "type": "library",
            "extra": {
                "branch-alias": {
                    "dev-master": "1.0-dev"
                }
            },
            "autoload": {
                "psr-0": {
                    "Dotenv": "src/"
                }
            },
            "notification-url": "https://packagist.org/downloads/",
            "license": [
                "BSD"
            ],
            "authors": [
                {
                    "name": "Vance Lucas",
                    "email": "vance@vancelucas.com",
                    "homepage": "http://www.vancelucas.com"
                }
            ],
            "description": "Loads environment variables from `.env` to `getenv()`, `$_ENV` and `$_SERVER` automagically.",
            "homepage": "http://github.com/vlucas/phpdotenv",
            "keywords": [
                "dotenv",
                "env",
                "environment"
            ],
            "time": "2014-12-05 15:19:21"
        },
        {
            "name": "zendframework/zend-escaper",
            "version": "2.3.4",
            "target-dir": "Zend/Escaper",
            "source": {
                "type": "git",
                "url": "https://github.com/zendframework/Component_ZendEscaper.git",
                "reference": "67c8f76ff6d899a5619a4ab27c3b46ed3ae743fc"
            },
            "dist": {
                "type": "zip",
                "url": "https://api.github.com/repos/zendframework/Component_ZendEscaper/zipball/67c8f76ff6d899a5619a4ab27c3b46ed3ae743fc",
                "reference": "67c8f76ff6d899a5619a4ab27c3b46ed3ae743fc",
                "shasum": ""
            },
            "require": {
                "php": ">=5.3.23"
            },
            "type": "library",
            "extra": {
                "branch-alias": {
                    "dev-master": "2.3-dev",
                    "dev-develop": "2.4-dev"
                }
            },
            "autoload": {
                "psr-0": {
                    "Zend\\Escaper\\": ""
                }
            },
            "notification-url": "https://packagist.org/downloads/",
            "license": [
                "BSD-3-Clause"
            ],
            "homepage": "https://github.com/zendframework/zf2",
            "keywords": [
                "escaper",
                "zf2"
            ],
            "time": "2015-01-14 16:44:17"
        }
    ],
    "packages-dev": [],
    "aliases": [],
    "minimum-stability": "stable",
    "stability-flags": {
        "aura/auth": 20,
        "aura/session": 20,
        "foa/auth-session-bundle": 20,
        "aura/filter": 20
    },
    "prefer-stable": false,
    "prefer-lowest": false,
    "platform": [],
    "platform-dev": []
}
